
Microsoft Visual Studio Solution File, Format Version 12.00
# Visual Studio 15
VisualStudioVersion = 15.0.27428.2005
MinimumVisualStudioVersion = 10.0.40219.1
Project("{FAE04EC0-301F-11D3-BF4B-00C04F79EFBC}") = "CityInfoAPI", "CityInfoAPI\CityInfoAPI.csproj", "{1B87E46D-DF4A-4C76-BD8D-F90A6B29FA19}"
EndProject
Global
	GlobalSection(SolutionConfigurationPlatforms) = preSolution
		Debug|Any CPU = Debug|Any CPU
		Release|Any CPU = Release|Any CPU
	EndGlobalSection
	GlobalSection(ProjectConfigurationPlatforms) = postSolution
		{1B87E46D-DF4A-4C76-BD8D-F90A6B29FA19}.Debug|Any CPU.ActiveCfg = Debug|Any CPU
		{1B87E46D-DF4A-4C76-BD8D-F90A6B29FA19}.Debug|Any CPU.Build.0 = Debug|Any CPU
		{1B87E46D-DF4A-4C76-BD8D-F90A6B29FA19}.Release|Any CPU.ActiveCfg = Release|Any CPU
		{1B87E46D-DF4A-4C76-BD8D-F90A6B29FA19}.Release|Any CPU.Build.0 = Release|Any CPU
	EndGlobalSection
	GlobalSection(SolutionProperties) = preSolution
		HideSolutionNode = FALSE
	EndGlobalSection
	GlobalSection(ExtensibilityGlobals) = postSolution
		SolutionGuid = {27517797-DA15-4A8A-89C0-FA4D0FE56885}
	EndGlobalSection
EndGlobal
